
Microsoft Visual Studio Solution File, Format Version 12.00
# Visual Studio 14
VisualStudioVersion = 14.0.25123.0
MinimumVisualStudioVersion = 10.0.40219.1
Project("{FAE04EC0-301F-11D3-BF4B-00C04F79EFBC}") = "SolveMeFirst", "SolveMeFirst\SolveMeFirst.csproj", "{D564CF5A-4870-4970-953B-731A59A5CC02}"
EndProject
Project("{FAE04EC0-301F-11D3-BF4B-00C04F79EFBC}") = "SimpleArraySum", "SimpleArraySum\SimpleArraySum.csproj", "{AE70E3C0-7023-4686-B596-F7317AEF561F}"
EndProject
Project("{FAE04EC0-301F-11D3-BF4B-00C04F79EFBC}") = "CompareTheTriplets", "CompareTheTriplets\CompareTheTriplets.csproj", "{DEC103CA-F939-44DC-AF87-3270913C880A}"
EndProject
Project("{FAE04EC0-301F-11D3-BF4B-00C04F79EFBC}") = "MeanMedianAndMode", "MeanMedianAndMode\MeanMedianAndMode.csproj", "{B8C7E485-F198-4BDC-B93A-E7BDA7DA2555}"
EndProject
Project("{FAE04EC0-301F-11D3-BF4B-00C04F79EFBC}") = "WeightedMean", "WeightedMean\WeightedMean.csproj", "{FF562088-0D9E-415B-AE42-EAE11B5A9596}"
EndProject
Project("{FAE04EC0-301F-11D3-BF4B-00C04F79EFBC}") = "AVeryBigSum", "AVeryBigSum\AVeryBigSum.csproj", "{E49D90FC-6334-4859-B072-5363534B0D98}"
EndProject
Project("{FAE04EC0-301F-11D3-BF4B-00C04F79EFBC}") = "Quartiles", "Quartiles\Quartiles.csproj", "{5F5F2232-3195-4907-B617-EAD3B43CD814}"
EndProject
Project("{FAE04EC0-301F-11D3-BF4B-00C04F79EFBC}") = "InterquartileRange", "InterquartileRange\InterquartileRange.csproj", "{12006D21-0FFF-4DA7-84DF-AF52445082E0}"
EndProject
Project("{FAE04EC0-301F-11D3-BF4B-00C04F79EFBC}") = "StandardDeviation", "StandardDeviation\StandardDeviation.csproj", "{F405DB8F-9448-47D6-842C-E17298B291A6}"
EndProject
Project("{FAE04EC0-301F-11D3-BF4B-00C04F79EFBC}") = "DiagonalDifference", "DiagonalDifference\DiagonalDifference.csproj", "{702604D0-C8EC-4462-9236-D0F77383B400}"
EndProject
Project("{FAE04EC0-301F-11D3-BF4B-00C04F79EFBC}") = "PlusMinus", "PlusMinus\PlusMinus.csproj", "{9D24F03E-EE32-4DCF-B6F8-22520A14572E}"
EndProject
Project("{FAE04EC0-301F-11D3-BF4B-00C04F79EFBC}") = "Staircase", "Staircase\Staircase.csproj", "{4B116D74-B631-4751-BBB6-F266E1911D6D}"
EndProject
Project("{FAE04EC0-301F-11D3-BF4B-00C04F79EFBC}") = "TimeConversion", "TimeConversion\TimeConversion.csproj", "{070EB8DD-CEDD-4F86-8EBF-000DE067D5EC}"
EndProject
Project("{FAE04EC0-301F-11D3-BF4B-00C04F79EFBC}") = "CircularArrayRotation", "CircularArrayRotation\CircularArrayRotation.csproj", "{9948D4D0-EFF2-4C44-BFC1-2347A03CFCFA}"
EndProject
Project("{FAE04EC0-301F-11D3-BF4B-00C04F79EFBC}") = "SuperReducedString", "SuperReducedString\SuperReducedString.csproj", "{9E8F9BE9-CB7B-4E88-A7E0-2AFF6DE7BC0E}"
EndProject
Project("{FAE04EC0-301F-11D3-BF4B-00C04F79EFBC}") = "DictionariesAndMaps", "DictionariesAndMaps\DictionariesAndMaps.csproj", "{CB558911-85D9-48BA-97D4-AB9F56F7D34E}"
EndProject
Project("{FAE04EC0-301F-11D3-BF4B-00C04F79EFBC}") = "Recursion", "Recursion\Recursion.csproj", "{1C26777D-A528-4455-912A-B809F993DD15}"
EndProject
Project("{FAE04EC0-301F-11D3-BF4B-00C04F79EFBC}") = "BinaryNumbers", "BinaryNumbers\BinaryNumbers.csproj", "{E622AD53-67D1-499A-993C-3AF1B29EA06D}"
EndProject
Project("{FAE04EC0-301F-11D3-BF4B-00C04F79EFBC}") = "2dArrays", "2dArrays\2dArrays.csproj", "{6FFDE7F1-4A98-4CAF-B40A-B5E8C3FFE7F6}"
EndProject
Project("{FAE04EC0-301F-11D3-BF4B-00C04F79EFBC}") = "Kangaroo", "Kangaroo\Kangaroo.csproj", "{9776B5D2-96A4-4509-AF42-79525B411ACD}"
EndProject
Project("{FAE04EC0-301F-11D3-BF4B-00C04F79EFBC}") = "Scope", "Scope\Scope.csproj", "{C9D923E7-3024-44A6-868B-4652F8FBAD1F}"
EndProject
Project("{FAE04EC0-301F-11D3-BF4B-00C04F79EFBC}") = "LinkedList", "LinkedList\LinkedList.csproj", "{687ED776-7B60-4E39-8180-B61D8124F786}"
EndProject
Project("{FAE04EC0-301F-11D3-BF4B-00C04F79EFBC}") = "ExceptionsStringToInteger", "ExceptionsStringToInteger\ExceptionsStringToInteger.csproj", "{280AF82D-C25C-4B20-855C-CD7847E4AF8B}"
EndProject
Project("{FAE04EC0-301F-11D3-BF4B-00C04F79EFBC}") = "MoreExceptions", "MoreExceptions\MoreExceptions.csproj", "{2874B762-9906-427E-A0CD-116FFD8C2873}"
EndProject
Project("{FAE04EC0-301F-11D3-BF4B-00C04F79EFBC}") = "QueuesAndStacks", "QueuesAndStacks\QueuesAndStacks.csproj", "{00C44B29-AB54-49A9-AE66-1F0D32D32A30}"
EndProject
Project("{FAE04EC0-301F-11D3-BF4B-00C04F79EFBC}") = "Interfaces", "Interfaces\Interfaces.csproj", "{6F10B86E-E980-4672-A353-29A074828848}"
EndProject
Project("{FAE04EC0-301F-11D3-BF4B-00C04F79EFBC}") = "AppleAndOrange", "AppleAndOrange\AppleAndOrange.csproj", "{B15E8785-4203-45CB-A52E-08FA0B6A82F1}"
EndProject
Project("{FAE04EC0-301F-11D3-BF4B-00C04F79EFBC}") = "MaximumPerimeterTriangle", "MaximumPerimeterTriangle\MaximumPerimeterTriangle.csproj", "{72223021-58C8-4876-9063-82E06007156A}"
EndProject
Project("{FAE04EC0-301F-11D3-BF4B-00C04F79EFBC}") = "HappyLadybugs", "HappyLadybugs\HappyLadybugs.csproj", "{06E16A98-0467-4A80-9A6F-8434DF68F5C0}"
EndProject
Project("{FAE04EC0-301F-11D3-BF4B-00C04F79EFBC}") = "XORMatrix", "XORMatrix\XORMatrix.csproj", "{5549E3AA-5280-480A-B56B-240AA196EDB8}"
EndProject
Project("{FAE04EC0-301F-11D3-BF4B-00C04F79EFBC}") = "Sorting", "Sorting\Sorting.csproj", "{A1A90C7A-E1FF-4AE6-A4D8-72116F71E4FD}"
EndProject
Project("{FAE04EC0-301F-11D3-BF4B-00C04F79EFBC}") = "Generics", "Generics\Generics.csproj", "{A538A0A3-D612-4EB3-B9C2-5C864AABA226}"
EndProject
Project("{FAE04EC0-301F-11D3-BF4B-00C04F79EFBC}") = "BinarySearchTrees", "BinarySearchTrees\BinarySearchTrees.csproj", "{5DBFDD61-68C0-4A18-8433-36626E30D32A}"
EndProject
Project("{FAE04EC0-301F-11D3-BF4B-00C04F79EFBC}") = "BSTLevelOrderTraversal", "BSTLevelOrderTraversal\BSTLevelOrderTraversal.csproj", "{6780E366-F02C-47D7-977D-9B0769A1149F}"
EndProject
Project("{FAE04EC0-301F-11D3-BF4B-00C04F79EFBC}") = "MoreLinkedLists", "MoreLinkedLists\MoreLinkedLists.csproj", "{BB7D778D-1C95-4D90-B499-1C19AE36A38A}"
EndProject
Project("{FAE04EC0-301F-11D3-BF4B-00C04F79EFBC}") = "RunningTimeAndComplexity", "RunningTimeAndComplexity\RunningTimeAndComplexity.csproj", "{42562698-9A87-46CB-8012-CECA1D7B2364}"
EndProject
Project("{FAE04EC0-301F-11D3-BF4B-00C04F79EFBC}") = "NestedLogic", "NestedLogic\NestedLogic.csproj", "{40F1A702-41F3-4D84-B849-ABD64A55E756}"
EndProject
Project("{FAE04EC0-301F-11D3-BF4B-00C04F79EFBC}") = "Testing", "Testing\Testing.csproj", "{44F24281-0BED-4073-92A0-CEB45B504C79}"
EndProject
Project("{FAE04EC0-301F-11D3-BF4B-00C04F79EFBC}") = "RegExPatternsAndIntroToDatabases", "RegExPatternsAndIntroToDatabases\RegExPatternsAndIntroToDatabases.csproj", "{BA2BF267-DD22-44AB-BC47-56DBA541C07B}"
EndProject
Project("{FAE04EC0-301F-11D3-BF4B-00C04F79EFBC}") = "BitwiseAND", "BitwiseAND\BitwiseAND.csproj", "{2B579008-C51F-4C70-99BE-EB885195F180}"
EndProject
Project("{FAE04EC0-301F-11D3-BF4B-00C04F79EFBC}") = "BetweenTwoSets", "BetweenTwoSets\BetweenTwoSets.csproj", "{058BA90A-CEFD-444A-AA99-007ABD8BB4FE}"
EndProject
Project("{FAE04EC0-301F-11D3-BF4B-00C04F79EFBC}") = "MiniMaxSum", "MiniMaxSum\MiniMaxSum.csproj", "{BF9DA482-FE57-4933-8B32-47AE1144853F}"
EndProject
Global
	GlobalSection(SolutionConfigurationPlatforms) = preSolution
		Debug|Any CPU = Debug|Any CPU
		Release|Any CPU = Release|Any CPU
	EndGlobalSection
	GlobalSection(ProjectConfigurationPlatforms) = postSolution
		{D564CF5A-4870-4970-953B-731A59A5CC02}.Debug|Any CPU.ActiveCfg = Debug|Any CPU
		{D564CF5A-4870-4970-953B-731A59A5CC02}.Debug|Any CPU.Build.0 = Debug|Any CPU
		{D564CF5A-4870-4970-953B-731A59A5CC02}.Release|Any CPU.ActiveCfg = Release|Any CPU
		{D564CF5A-4870-4970-953B-731A59A5CC02}.Release|Any CPU.Build.0 = Release|Any CPU
		{AE70E3C0-7023-4686-B596-F7317AEF561F}.Debug|Any CPU.ActiveCfg = Debug|Any CPU
		{AE70E3C0-7023-4686-B596-F7317AEF561F}.Debug|Any CPU.Build.0 = Debug|Any CPU
		{AE70E3C0-7023-4686-B596-F7317AEF561F}.Release|Any CPU.ActiveCfg = Release|Any CPU
		{AE70E3C0-7023-4686-B596-F7317AEF561F}.Release|Any CPU.Build.0 = Release|Any CPU
		{DEC103CA-F939-44DC-AF87-3270913C880A}.Debug|Any CPU.ActiveCfg = Debug|Any CPU
		{DEC103CA-F939-44DC-AF87-3270913C880A}.Debug|Any CPU.Build.0 = Debug|Any CPU
		{DEC103CA-F939-44DC-AF87-3270913C880A}.Release|Any CPU.ActiveCfg = Release|Any CPU
		{DEC103CA-F939-44DC-AF87-3270913C880A}.Release|Any CPU.Build.0 = Release|Any CPU
		{B8C7E485-F198-4BDC-B93A-E7BDA7DA2555}.Debug|Any CPU.ActiveCfg = Debug|Any CPU
		{B8C7E485-F198-4BDC-B93A-E7BDA7DA2555}.Debug|Any CPU.Build.0 = Debug|Any CPU
		{B8C7E485-F198-4BDC-B93A-E7BDA7DA2555}.Release|Any CPU.ActiveCfg = Release|Any CPU
		{B8C7E485-F198-4BDC-B93A-E7BDA7DA2555}.Release|Any CPU.Build.0 = Release|Any CPU
		{FF562088-0D9E-415B-AE42-EAE11B5A9596}.Debug|Any CPU.ActiveCfg = Debug|Any CPU
		{FF562088-0D9E-415B-AE42-EAE11B5A9596}.Debug|Any CPU.Build.0 = Debug|Any CPU
		{FF562088-0D9E-415B-AE42-EAE11B5A9596}.Release|Any CPU.ActiveCfg = Release|Any CPU
		{FF562088-0D9E-415B-AE42-EAE11B5A9596}.Release|Any CPU.Build.0 = Release|Any CPU
		{E49D90FC-6334-4859-B072-5363534B0D98}.Debug|Any CPU.ActiveCfg = Debug|Any CPU
		{E49D90FC-6334-4859-B072-5363534B0D98}.Debug|Any CPU.Build.0 = Debug|Any CPU
		{E49D90FC-6334-4859-B072-5363534B0D98}.Release|Any CPU.ActiveCfg = Release|Any CPU
		{E49D90FC-6334-4859-B072-5363534B0D98}.Release|Any CPU.Build.0 = Release|Any CPU
		{5F5F2232-3195-4907-B617-EAD3B43CD814}.Debug|Any CPU.ActiveCfg = Debug|Any CPU
		{5F5F2232-3195-4907-B617-EAD3B43CD814}.Debug|Any CPU.Build.0 = Debug|Any CPU
		{5F5F2232-3195-4907-B617-EAD3B43CD814}.Release|Any CPU.ActiveCfg = Release|Any CPU
		{5F5F2232-3195-4907-B617-EAD3B43CD814}.Release|Any CPU.Build.0 = Release|Any CPU
		{12006D21-0FFF-4DA7-84DF-AF52445082E0}.Debug|Any CPU.ActiveCfg = Debug|Any CPU
		{12006D21-0FFF-4DA7-84DF-AF52445082E0}.Debug|Any CPU.Build.0 = Debug|Any CPU
		{12006D21-0FFF-4DA7-84DF-AF52445082E0}.Release|Any CPU.ActiveCfg = Release|Any CPU
		{12006D21-0FFF-4DA7-84DF-AF52445082E0}.Release|Any CPU.Build.0 = Release|Any CPU
		{F405DB8F-9448-47D6-842C-E17298B291A6}.Debug|Any CPU.ActiveCfg = Debug|Any CPU
		{F405DB8F-9448-47D6-842C-E17298B291A6}.Debug|Any CPU.Build.0 = Debug|Any CPU
		{F405DB8F-9448-47D6-842C-E17298B291A6}.Release|Any CPU.ActiveCfg = Release|Any CPU
		{F405DB8F-9448-47D6-842C-E17298B291A6}.Release|Any CPU.Build.0 = Release|Any CPU
		{702604D0-C8EC-4462-9236-D0F77383B400}.Debug|Any CPU.ActiveCfg = Debug|Any CPU
		{702604D0-C8EC-4462-9236-D0F77383B400}.Debug|Any CPU.Build.0 = Debug|Any CPU
		{702604D0-C8EC-4462-9236-D0F77383B400}.Release|Any CPU.ActiveCfg = Release|Any CPU
		{702604D0-C8EC-4462-9236-D0F77383B400}.Release|Any CPU.Build.0 = Release|Any CPU
		{9D24F03E-EE32-4DCF-B6F8-22520A14572E}.Debug|Any CPU.ActiveCfg = Debug|Any CPU
		{9D24F03E-EE32-4DCF-B6F8-22520A14572E}.Debug|Any CPU.Build.0 = Debug|Any CPU
		{9D24F03E-EE32-4DCF-B6F8-22520A14572E}.Release|Any CPU.ActiveCfg = Release|Any CPU
		{9D24F03E-EE32-4DCF-B6F8-22520A14572E}.Release|Any CPU.Build.0 = Release|Any CPU
		{4B116D74-B631-4751-BBB6-F266E1911D6D}.Debug|Any CPU.ActiveCfg = Debug|Any CPU
		{4B116D74-B631-4751-BBB6-F266E1911D6D}.Debug|Any CPU.Build.0 = Debug|Any CPU
		{4B116D74-B631-4751-BBB6-F266E1911D6D}.Release|Any CPU.ActiveCfg = Release|Any CPU
		{4B116D74-B631-4751-BBB6-F266E1911D6D}.Release|Any CPU.Build.0 = Release|Any CPU
		{070EB8DD-CEDD-4F86-8EBF-000DE067D5EC}.Debug|Any CPU.ActiveCfg = Debug|Any CPU
		{070EB8DD-CEDD-4F86-8EBF-000DE067D5EC}.Debug|Any CPU.Build.0 = Debug|Any CPU
		{070EB8DD-CEDD-4F86-8EBF-000DE067D5EC}.Release|Any CPU.ActiveCfg = Release|Any CPU
		{070EB8DD-CEDD-4F86-8EBF-000DE067D5EC}.Release|Any CPU.Build.0 = Release|Any CPU
		{9948D4D0-EFF2-4C44-BFC1-2347A03CFCFA}.Debug|Any CPU.ActiveCfg = Debug|Any CPU
		{9948D4D0-EFF2-4C44-BFC1-2347A03CFCFA}.Debug|Any CPU.Build.0 = Debug|Any CPU
		{9948D4D0-EFF2-4C44-BFC1-2347A03CFCFA}.Release|Any CPU.ActiveCfg = Release|Any CPU
		{9948D4D0-EFF2-4C44-BFC1-2347A03CFCFA}.Release|Any CPU.Build.0 = Release|Any CPU
		{9E8F9BE9-CB7B-4E88-A7E0-2AFF6DE7BC0E}.Debug|Any CPU.ActiveCfg = Debug|Any CPU
		{9E8F9BE9-CB7B-4E88-A7E0-2AFF6DE7BC0E}.Debug|Any CPU.Build.0 = Debug|Any CPU
		{9E8F9BE9-CB7B-4E88-A7E0-2AFF6DE7BC0E}.Release|Any CPU.ActiveCfg = Release|Any CPU
		{9E8F9BE9-CB7B-4E88-A7E0-2AFF6DE7BC0E}.Release|Any CPU.Build.0 = Release|Any CPU
		{CB558911-85D9-48BA-97D4-AB9F56F7D34E}.Debug|Any CPU.ActiveCfg = Debug|Any CPU
		{CB558911-85D9-48BA-97D4-AB9F56F7D34E}.Debug|Any CPU.Build.0 = Debug|Any CPU
		{CB558911-85D9-48BA-97D4-AB9F56F7D34E}.Release|Any CPU.ActiveCfg = Release|Any CPU
		{CB558911-85D9-48BA-97D4-AB9F56F7D34E}.Release|Any CPU.Build.0 = Release|Any CPU
		{1C26777D-A528-4455-912A-B809F993DD15}.Debug|Any CPU.ActiveCfg = Debug|Any CPU
		{1C26777D-A528-4455-912A-B809F993DD15}.Debug|Any CPU.Build.0 = Debug|Any CPU
		{1C26777D-A528-4455-912A-B809F993DD15}.Release|Any CPU.ActiveCfg = Release|Any CPU
		{1C26777D-A528-4455-912A-B809F993DD15}.Release|Any CPU.Build.0 = Release|Any CPU
		{E622AD53-67D1-499A-993C-3AF1B29EA06D}.Debug|Any CPU.ActiveCfg = Debug|Any CPU
		{E622AD53-67D1-499A-993C-3AF1B29EA06D}.Debug|Any CPU.Build.0 = Debug|Any CPU
		{E622AD53-67D1-499A-993C-3AF1B29EA06D}.Release|Any CPU.ActiveCfg = Release|Any CPU
		{E622AD53-67D1-499A-993C-3AF1B29EA06D}.Release|Any CPU.Build.0 = Release|Any CPU
		{6FFDE7F1-4A98-4CAF-B40A-B5E8C3FFE7F6}.Debug|Any CPU.ActiveCfg = Debug|Any CPU
		{6FFDE7F1-4A98-4CAF-B40A-B5E8C3FFE7F6}.Debug|Any CPU.Build.0 = Debug|Any CPU
		{6FFDE7F1-4A98-4CAF-B40A-B5E8C3FFE7F6}.Release|Any CPU.ActiveCfg = Release|Any CPU
		{6FFDE7F1-4A98-4CAF-B40A-B5E8C3FFE7F6}.Release|Any CPU.Build.0 = Release|Any CPU
		{9776B5D2-96A4-4509-AF42-79525B411ACD}.Debug|Any CPU.ActiveCfg = Debug|Any CPU
		{9776B5D2-96A4-4509-AF42-79525B411ACD}.Debug|Any CPU.Build.0 = Debug|Any CPU
		{9776B5D2-96A4-4509-AF42-79525B411ACD}.Release|Any CPU.ActiveCfg = Release|Any CPU
		{9776B5D2-96A4-4509-AF42-79525B411ACD}.Release|Any CPU.Build.0 = Release|Any CPU
		{C9D923E7-3024-44A6-868B-4652F8FBAD1F}.Debug|Any CPU.ActiveCfg = Debug|Any CPU
		{C9D923E7-3024-44A6-868B-4652F8FBAD1F}.Debug|Any CPU.Build.0 = Debug|Any CPU
		{C9D923E7-3024-44A6-868B-4652F8FBAD1F}.Release|Any CPU.ActiveCfg = Release|Any CPU
		{C9D923E7-3024-44A6-868B-4652F8FBAD1F}.Release|Any CPU.Build.0 = Release|Any CPU
		{687ED776-7B60-4E39-8180-B61D8124F786}.Debug|Any CPU.ActiveCfg = Debug|Any CPU
		{687ED776-7B60-4E39-8180-B61D8124F786}.Debug|Any CPU.Build.0 = Debug|Any CPU
		{687ED776-7B60-4E39-8180-B61D8124F786}.Release|Any CPU.ActiveCfg = Release|Any CPU
		{687ED776-7B60-4E39-8180-B61D8124F786}.Release|Any CPU.Build.0 = Release|Any CPU
		{280AF82D-C25C-4B20-855C-CD7847E4AF8B}.Debug|Any CPU.ActiveCfg = Debug|Any CPU
		{280AF82D-C25C-4B20-855C-CD7847E4AF8B}.Debug|Any CPU.Build.0 = Debug|Any CPU
		{280AF82D-C25C-4B20-855C-CD7847E4AF8B}.Release|Any CPU.ActiveCfg = Release|Any CPU
		{280AF82D-C25C-4B20-855C-CD7847E4AF8B}.Release|Any CPU.Build.0 = Release|Any CPU
		{2874B762-9906-427E-A0CD-116FFD8C2873}.Debug|Any CPU.ActiveCfg = Debug|Any CPU
		{2874B762-9906-427E-A0CD-116FFD8C2873}.Debug|Any CPU.Build.0 = Debug|Any CPU
		{2874B762-9906-427E-A0CD-116FFD8C2873}.Release|Any CPU.ActiveCfg = Release|Any CPU
		{2874B762-9906-427E-A0CD-116FFD8C2873}.Release|Any CPU.Build.0 = Release|Any CPU
		{00C44B29-AB54-49A9-AE66-1F0D32D32A30}.Debug|Any CPU.ActiveCfg = Debug|Any CPU
		{00C44B29-AB54-49A9-AE66-1F0D32D32A30}.Debug|Any CPU.Build.0 = Debug|Any CPU
		{00C44B29-AB54-49A9-AE66-1F0D32D32A30}.Release|Any CPU.ActiveCfg = Release|Any CPU
		{00C44B29-AB54-49A9-AE66-1F0D32D32A30}.Release|Any CPU.Build.0 = Release|Any CPU
		{6F10B86E-E980-4672-A353-29A074828848}.Debug|Any CPU.ActiveCfg = Debug|Any CPU
		{6F10B86E-E980-4672-A353-29A074828848}.Debug|Any CPU.Build.0 = Debug|Any CPU
		{6F10B86E-E980-4672-A353-29A074828848}.Release|Any CPU.ActiveCfg = Release|Any CPU
		{6F10B86E-E980-4672-A353-29A074828848}.Release|Any CPU.Build.0 = Release|Any CPU
		{B15E8785-4203-45CB-A52E-08FA0B6A82F1}.Debug|Any CPU.ActiveCfg = Debug|Any CPU
		{B15E8785-4203-45CB-A52E-08FA0B6A82F1}.Debug|Any CPU.Build.0 = Debug|Any CPU
		{B15E8785-4203-45CB-A52E-08FA0B6A82F1}.Release|Any CPU.ActiveCfg = Release|Any CPU
		{B15E8785-4203-45CB-A52E-08FA0B6A82F1}.Release|Any CPU.Build.0 = Release|Any CPU
		{72223021-58C8-4876-9063-82E06007156A}.Debug|Any CPU.ActiveCfg = Debug|Any CPU
		{72223021-58C8-4876-9063-82E06007156A}.Debug|Any CPU.Build.0 = Debug|Any CPU
		{72223021-58C8-4876-9063-82E06007156A}.Release|Any CPU.ActiveCfg = Release|Any CPU
		{72223021-58C8-4876-9063-82E06007156A}.Release|Any CPU.Build.0 = Release|Any CPU
		{06E16A98-0467-4A80-9A6F-8434DF68F5C0}.Debug|Any CPU.ActiveCfg = Debug|Any CPU
		{06E16A98-0467-4A80-9A6F-8434DF68F5C0}.Debug|Any CPU.Build.0 = Debug|Any CPU
		{06E16A98-0467-4A80-9A6F-8434DF68F5C0}.Release|Any CPU.ActiveCfg = Release|Any CPU
		{06E16A98-0467-4A80-9A6F-8434DF68F5C0}.Release|Any CPU.Build.0 = Release|Any CPU
		{5549E3AA-5280-480A-B56B-240AA196EDB8}.Debug|Any CPU.ActiveCfg = Debug|Any CPU
		{5549E3AA-5280-480A-B56B-240AA196EDB8}.Debug|Any CPU.Build.0 = Debug|Any CPU
		{5549E3AA-5280-480A-B56B-240AA196EDB8}.Release|Any CPU.ActiveCfg = Release|Any CPU
		{5549E3AA-5280-480A-B56B-240AA196EDB8}.Release|Any CPU.Build.0 = Release|Any CPU
		{A1A90C7A-E1FF-4AE6-A4D8-72116F71E4FD}.Debug|Any CPU.ActiveCfg = Debug|Any CPU
		{A1A90C7A-E1FF-4AE6-A4D8-72116F71E4FD}.Debug|Any CPU.Build.0 = Debug|Any CPU
		{A1A90C7A-E1FF-4AE6-A4D8-72116F71E4FD}.Release|Any CPU.ActiveCfg = Release|Any CPU
		{A1A90C7A-E1FF-4AE6-A4D8-72116F71E4FD}.Release|Any CPU.Build.0 = Release|Any CPU
		{A538A0A3-D612-4EB3-B9C2-5C864AABA226}.Debug|Any CPU.ActiveCfg = Debug|Any CPU
		{A538A0A3-D612-4EB3-B9C2-5C864AABA226}.Debug|Any CPU.Build.0 = Debug|Any CPU
		{A538A0A3-D612-4EB3-B9C2-5C864AABA226}.Release|Any CPU.ActiveCfg = Release|Any CPU
		{A538A0A3-D612-4EB3-B9C2-5C864AABA226}.Release|Any CPU.Build.0 = Release|Any CPU
		{5DBFDD61-68C0-4A18-8433-36626E30D32A}.Debug|Any CPU.ActiveCfg = Debug|Any CPU
		{5DBFDD61-68C0-4A18-8433-36626E30D32A}.Debug|Any CPU.Build.0 = Debug|Any CPU
		{5DBFDD61-68C0-4A18-8433-36626E30D32A}.Release|Any CPU.ActiveCfg = Release|Any CPU
		{5DBFDD61-68C0-4A18-8433-36626E30D32A}.Release|Any CPU.Build.0 = Release|Any CPU
		{6780E366-F02C-47D7-977D-9B0769A1149F}.Debug|Any CPU.ActiveCfg = Debug|Any CPU
		{6780E366-F02C-47D7-977D-9B0769A1149F}.Debug|Any CPU.Build.0 = Debug|Any CPU
		{6780E366-F02C-47D7-977D-9B0769A1149F}.Release|Any CPU.ActiveCfg = Release|Any CPU
		{6780E366-F02C-47D7-977D-9B0769A1149F}.Release|Any CPU.Build.0 = Release|Any CPU
		{BB7D778D-1C95-4D90-B499-1C19AE36A38A}.Debug|Any CPU.ActiveCfg = Debug|Any CPU
		{BB7D778D-1C95-4D90-B499-1C19AE36A38A}.Debug|Any CPU.Build.0 = Debug|Any CPU
		{BB7D778D-1C95-4D90-B499-1C19AE36A38A}.Release|Any CPU.ActiveCfg = Release|Any CPU
		{BB7D778D-1C95-4D90-B499-1C19AE36A38A}.Release|Any CPU.Build.0 = Release|Any CPU
		{42562698-9A87-46CB-8012-CECA1D7B2364}.Debug|Any CPU.ActiveCfg = Debug|Any CPU
		{42562698-9A87-46CB-8012-CECA1D7B2364}.Debug|Any CPU.Build.0 = Debug|Any CPU
		{42562698-9A87-46CB-8012-CECA1D7B2364}.Release|Any CPU.ActiveCfg = Release|Any CPU
		{42562698-9A87-46CB-8012-CECA1D7B2364}.Release|Any CPU.Build.0 = Release|Any CPU
		{40F1A702-41F3-4D84-B849-ABD64A55E756}.Debug|Any CPU.ActiveCfg = Debug|Any CPU
		{40F1A702-41F3-4D84-B849-ABD64A55E756}.Debug|Any CPU.Build.0 = Debug|Any CPU
		{40F1A702-41F3-4D84-B849-ABD64A55E756}.Release|Any CPU.ActiveCfg = Release|Any CPU
		{40F1A702-41F3-4D84-B849-ABD64A55E756}.Release|Any CPU.Build.0 = Release|Any CPU
		{44F24281-0BED-4073-92A0-CEB45B504C79}.Debug|Any CPU.ActiveCfg = Debug|Any CPU
		{44F24281-0BED-4073-92A0-CEB45B504C79}.Debug|Any CPU.Build.0 = Debug|Any CPU
		{44F24281-0BED-4073-92A0-CEB45B504C79}.Release|Any CPU.ActiveCfg = Release|Any CPU
		{44F24281-0BED-4073-92A0-CEB45B504C79}.Release|Any CPU.Build.0 = Release|Any CPU
		{BA2BF267-DD22-44AB-BC47-56DBA541C07B}.Debug|Any CPU.ActiveCfg = Debug|Any CPU
		{BA2BF267-DD22-44AB-BC47-56DBA541C07B}.Debug|Any CPU.Build.0 = Debug|Any CPU
		{BA2BF267-DD22-44AB-BC47-56DBA541C07B}.Release|Any CPU.ActiveCfg = Release|Any CPU
		{BA2BF267-DD22-44AB-BC47-56DBA541C07B}.Release|Any CPU.Build.0 = Release|Any CPU
		{2B579008-C51F-4C70-99BE-EB885195F180}.Debug|Any CPU.ActiveCfg = Debug|Any CPU
		{2B579008-C51F-4C70-99BE-EB885195F180}.Debug|Any CPU.Build.0 = Debug|Any CPU
		{2B579008-C51F-4C70-99BE-EB885195F180}.Release|Any CPU.ActiveCfg = Release|Any CPU
		{2B579008-C51F-4C70-99BE-EB885195F180}.Release|Any CPU.Build.0 = Release|Any CPU
		{058BA90A-CEFD-444A-AA99-007ABD8BB4FE}.Debug|Any CPU.ActiveCfg = Debug|Any CPU
		{058BA90A-CEFD-444A-AA99-007ABD8BB4FE}.Debug|Any CPU.Build.0 = Debug|Any CPU
		{058BA90A-CEFD-444A-AA99-007ABD8BB4FE}.Release|Any CPU.ActiveCfg = Release|Any CPU
		{058BA90A-CEFD-444A-AA99-007ABD8BB4FE}.Release|Any CPU.Build.0 = Release|Any CPU
		{BF9DA482-FE57-4933-8B32-47AE1144853F}.Debug|Any CPU.ActiveCfg = Debug|Any CPU
		{BF9DA482-FE57-4933-8B32-47AE1144853F}.Debug|Any CPU.Build.0 = Debug|Any CPU
		{BF9DA482-FE57-4933-8B32-47AE1144853F}.Release|Any CPU.ActiveCfg = Release|Any CPU
		{BF9DA482-FE57-4933-8B32-47AE1144853F}.Release|Any CPU.Build.0 = Release|Any CPU
	EndGlobalSection
	GlobalSection(SolutionProperties) = preSolution
		HideSolutionNode = FALSE
	EndGlobalSection
EndGlobal
